
Microsoft Visual Studio Solution File, Format Version 12.00
# Visual Studio Version 17
VisualStudioVersion = 17.6.33829.357
MinimumVisualStudioVersion = 10.0.40219.1
Project("{9A19103F-16F7-4668-BE54-9A1E7A4F7556}") = "DataAccess", "DAtaAccess\DataAccess.csproj", "{05C302A6-40E4-4B48-A248-E7E097EA3B3F}"
EndProject
Project("{9A19103F-16F7-4668-BE54-9A1E7A4F7556}") = "Business", "Business\Business.csproj", "{622E8433-EE96-40B8-B33B-F4155EB55E89}"
EndProject
Project("{9A19103F-16F7-4668-BE54-9A1E7A4F7556}") = "Entities", "Entities\Entities.csproj", "{D8F635F3-54EB-44F2-B498-51FC1C128C3B}"
EndProject
Project("{9A19103F-16F7-4668-BE54-9A1E7A4F7556}") = "ConsoleUI", "ConsoleUI\ConsoleUI.csproj", "{3F682CDF-CAC5-45BD-B66D-08517CFD0EEC}"
EndProject
Project("{9A19103F-16F7-4668-BE54-9A1E7A4F7556}") = "Core", "Core\Core.csproj", "{711A3875-546A-43B8-BC27-4B311D1C4F4D}"
EndProject
Project("{9A19103F-16F7-4668-BE54-9A1E7A4F7556}") = "WebAPI", "WebAPI\WebAPI.csproj", "{EBAFCED7-92E7-4D29-80E4-3D7F280B98FA}"
EndProject
Project("{2150E333-8FDC-42A3-9474-1A3956D46DE8}") = "Solution Items", "Solution Items", "{0BB162EA-DC54-4C0A-8C51-6C5912F78491}"
	ProjectSection(SolutionItems) = preProject
		.editorconfig = .editorconfig
	EndProjectSection
EndProject
Global
	GlobalSection(SolutionConfigurationPlatforms) = preSolution
		Debug|Any CPU = Debug|Any CPU
		Release|Any CPU = Release|Any CPU
	EndGlobalSection
	GlobalSection(ProjectConfigurationPlatforms) = postSolution
		{05C302A6-40E4-4B48-A248-E7E097EA3B3F}.Debug|Any CPU.ActiveCfg = Debug|Any CPU
		{05C302A6-40E4-4B48-A248-E7E097EA3B3F}.Debug|Any CPU.Build.0 = Debug|Any CPU
		{05C302A6-40E4-4B48-A248-E7E097EA3B3F}.Release|Any CPU.ActiveCfg = Release|Any CPU
		{05C302A6-40E4-4B48-A248-E7E097EA3B3F}.Release|Any CPU.Build.0 = Release|Any CPU
		{622E8433-EE96-40B8-B33B-F4155EB55E89}.Debug|Any CPU.ActiveCfg = Debug|Any CPU
		{622E8433-EE96-40B8-B33B-F4155EB55E89}.Debug|Any CPU.Build.0 = Debug|Any CPU
		{622E8433-EE96-40B8-B33B-F4155EB55E89}.Release|Any CPU.ActiveCfg = Release|Any CPU
		{622E8433-EE96-40B8-B33B-F4155EB55E89}.Release|Any CPU.Build.0 = Release|Any CPU
		{D8F635F3-54EB-44F2-B498-51FC1C128C3B}.Debug|Any CPU.ActiveCfg = Debug|Any CPU
		{D8F635F3-54EB-44F2-B498-51FC1C128C3B}.Debug|Any CPU.Build.0 = Debug|Any CPU
		{D8F635F3-54EB-44F2-B498-51FC1C128C3B}.Release|Any CPU.ActiveCfg = Release|Any CPU
		{D8F635F3-54EB-44F2-B498-51FC1C128C3B}.Release|Any CPU.Build.0 = Release|Any CPU
		{3F682CDF-CAC5-45BD-B66D-08517CFD0EEC}.Debug|Any CPU.ActiveCfg = Debug|Any CPU
		{3F682CDF-CAC5-45BD-B66D-08517CFD0EEC}.Debug|Any CPU.Build.0 = Debug|Any CPU
		{3F682CDF-CAC5-45BD-B66D-08517CFD0EEC}.Release|Any CPU.ActiveCfg = Release|Any CPU
		{3F682CDF-CAC5-45BD-B66D-08517CFD0EEC}.Release|Any CPU.Build.0 = Release|Any CPU
		{711A3875-546A-43B8-BC27-4B311D1C4F4D}.Debug|Any CPU.ActiveCfg = Debug|Any CPU
		{711A3875-546A-43B8-BC27-4B311D1C4F4D}.Debug|Any CPU.Build.0 = Debug|Any CPU
		{711A3875-546A-43B8-BC27-4B311D1C4F4D}.Release|Any CPU.ActiveCfg = Release|Any CPU
		{711A3875-546A-43B8-BC27-4B311D1C4F4D}.Release|Any CPU.Build.0 = Release|Any CPU
		{EBAFCED7-92E7-4D29-80E4-3D7F280B98FA}.Debug|Any CPU.ActiveCfg = Debug|Any CPU
		{EBAFCED7-92E7-4D29-80E4-3D7F280B98FA}.Debug|Any CPU.Build.0 = Debug|Any CPU
		{EBAFCED7-92E7-4D29-80E4-3D7F280B98FA}.Release|Any CPU.ActiveCfg = Release|Any CPU
		{EBAFCED7-92E7-4D29-80E4-3D7F280B98FA}.Release|Any CPU.Build.0 = Release|Any CPU
	EndGlobalSection
	GlobalSection(SolutionProperties) = preSolution
		HideSolutionNode = FALSE
	EndGlobalSection
	GlobalSection(ExtensibilityGlobals) = postSolution
		SolutionGuid = {0CA1EF64-3631-46E8-9991-F45A6901E157}
	EndGlobalSection
EndGlobal
